
Microsoft Visual Studio Solution File, Format Version 12.00
# Visual Studio 15
VisualStudioVersion = 15.0.27004.2006
MinimumVisualStudioVersion = 10.0.40219.1
Project("{9A19103F-16F7-4668-BE54-9A1E7A4F7556}") = "Repository", "Repositorry\Repository.csproj", "{BA9B1BAE-13EF-4959-BAD2-E56A3DD33E86}"
EndProject
Project("{9A19103F-16F7-4668-BE54-9A1E7A4F7556}") = "Repository.Integrations.tests", "Repository.Integrations.tests\Repository.Integrations.tests.csproj", "{CF1992E0-419D-4181-9344-110A459EBF28}"
EndProject
Project("{9A19103F-16F7-4668-BE54-9A1E7A4F7556}") = "CallCenterModel", "ClassLibrary1\CallCenterModel.csproj", "{7FC73041-41F0-4287-8D42-180836077D79}"
EndProject
Project("{9A19103F-16F7-4668-BE54-9A1E7A4F7556}") = "TaskApi", "CallCenterApi\TaskApi.csproj", "{6753EED0-19F2-42E6-A39B-04A54F9E0C5A}"
EndProject
Project("{2150E333-8FDC-42A3-9474-1A3956D46DE8}") = "RabbitMQESB", "RabbitMQESB", "{79EF0D67-F70E-42E9-9600-E33CCD7A762A}"
EndProject
Project("{9A19103F-16F7-4668-BE54-9A1E7A4F7556}") = "EventEsbRabbitMQ", "EventEsbRabbitMQ\EventEsbRabbitMQ.csproj", "{B22E6F40-FE18-42E4-8837-57E40E7313AC}"
EndProject
Project("{9A19103F-16F7-4668-BE54-9A1E7A4F7556}") = "CallCenterAggregateApi", "CallCenterAggregate\CallCenterAggregateApi.csproj", "{820531DB-2859-441E-AE44-ACBF2AA6B1DE}"
EndProject
Project("{FAE04EC0-301F-11D3-BF4B-00C04F79EFBC}") = "RegisterHandler", "RegisterHandler\RegisterHandler.csproj", "{93608D4B-B6D9-4704-A3D7-D97F8E5A1A3A}"
EndProject
Global
	GlobalSection(SolutionConfigurationPlatforms) = preSolution
		Debug|Any CPU = Debug|Any CPU
		Release|Any CPU = Release|Any CPU
	EndGlobalSection
	GlobalSection(ProjectConfigurationPlatforms) = postSolution
		{BA9B1BAE-13EF-4959-BAD2-E56A3DD33E86}.Debug|Any CPU.ActiveCfg = Debug|Any CPU
		{BA9B1BAE-13EF-4959-BAD2-E56A3DD33E86}.Debug|Any CPU.Build.0 = Debug|Any CPU
		{BA9B1BAE-13EF-4959-BAD2-E56A3DD33E86}.Release|Any CPU.ActiveCfg = Release|Any CPU
		{BA9B1BAE-13EF-4959-BAD2-E56A3DD33E86}.Release|Any CPU.Build.0 = Release|Any CPU
		{CF1992E0-419D-4181-9344-110A459EBF28}.Debug|Any CPU.ActiveCfg = Debug|Any CPU
		{CF1992E0-419D-4181-9344-110A459EBF28}.Debug|Any CPU.Build.0 = Debug|Any CPU
		{CF1992E0-419D-4181-9344-110A459EBF28}.Release|Any CPU.ActiveCfg = Release|Any CPU
		{CF1992E0-419D-4181-9344-110A459EBF28}.Release|Any CPU.Build.0 = Release|Any CPU
		{7FC73041-41F0-4287-8D42-180836077D79}.Debug|Any CPU.ActiveCfg = Debug|Any CPU
		{7FC73041-41F0-4287-8D42-180836077D79}.Debug|Any CPU.Build.0 = Debug|Any CPU
		{7FC73041-41F0-4287-8D42-180836077D79}.Release|Any CPU.ActiveCfg = Release|Any CPU
		{7FC73041-41F0-4287-8D42-180836077D79}.Release|Any CPU.Build.0 = Release|Any CPU
		{6753EED0-19F2-42E6-A39B-04A54F9E0C5A}.Debug|Any CPU.ActiveCfg = Debug|Any CPU
		{6753EED0-19F2-42E6-A39B-04A54F9E0C5A}.Debug|Any CPU.Build.0 = Debug|Any CPU
		{6753EED0-19F2-42E6-A39B-04A54F9E0C5A}.Release|Any CPU.ActiveCfg = Release|Any CPU
		{6753EED0-19F2-42E6-A39B-04A54F9E0C5A}.Release|Any CPU.Build.0 = Release|Any CPU
		{B22E6F40-FE18-42E4-8837-57E40E7313AC}.Debug|Any CPU.ActiveCfg = Debug|Any CPU
		{B22E6F40-FE18-42E4-8837-57E40E7313AC}.Debug|Any CPU.Build.0 = Debug|Any CPU
		{B22E6F40-FE18-42E4-8837-57E40E7313AC}.Release|Any CPU.ActiveCfg = Release|Any CPU
		{B22E6F40-FE18-42E4-8837-57E40E7313AC}.Release|Any CPU.Build.0 = Release|Any CPU
		{820531DB-2859-441E-AE44-ACBF2AA6B1DE}.Debug|Any CPU.ActiveCfg = Debug|Any CPU
		{820531DB-2859-441E-AE44-ACBF2AA6B1DE}.Debug|Any CPU.Build.0 = Debug|Any CPU
		{820531DB-2859-441E-AE44-ACBF2AA6B1DE}.Release|Any CPU.ActiveCfg = Release|Any CPU
		{820531DB-2859-441E-AE44-ACBF2AA6B1DE}.Release|Any CPU.Build.0 = Release|Any CPU
		{93608D4B-B6D9-4704-A3D7-D97F8E5A1A3A}.Debug|Any CPU.ActiveCfg = Debug|Any CPU
		{93608D4B-B6D9-4704-A3D7-D97F8E5A1A3A}.Debug|Any CPU.Build.0 = Debug|Any CPU
		{93608D4B-B6D9-4704-A3D7-D97F8E5A1A3A}.Release|Any CPU.ActiveCfg = Release|Any CPU
		{93608D4B-B6D9-4704-A3D7-D97F8E5A1A3A}.Release|Any CPU.Build.0 = Release|Any CPU
	EndGlobalSection
	GlobalSection(SolutionProperties) = preSolution
		HideSolutionNode = FALSE
	EndGlobalSection
	GlobalSection(NestedProjects) = preSolution
		{B22E6F40-FE18-42E4-8837-57E40E7313AC} = {79EF0D67-F70E-42E9-9600-E33CCD7A762A}
	EndGlobalSection
	GlobalSection(ExtensibilityGlobals) = postSolution
		SolutionGuid = {2F69635B-AEE3-4AB6-8CD4-E744C070B355}
	EndGlobalSection
EndGlobal
